
Microsoft Visual Studio Solution File, Format Version 12.00
# Visual Studio Version 17
VisualStudioVersion = 17.12.35309.182
MinimumVisualStudioVersion = 10.0.40219.1
Project("{FAE04EC0-301F-11D3-BF4B-00C04F79EFBC}") = "HandiMaker.Api", "HandiMaker.Api\HandiMaker.Api.csproj", "{368ACCE2-564B-45FA-8962-7C0CCBFF2280}"
EndProject
Project("{FAE04EC0-301F-11D3-BF4B-00C04F79EFBC}") = "HandiMaker.Core", "HandiMaker.Core\HandiMaker.Core.csproj", "{F8303718-5AC9-479D-8AB7-77688517D435}"
EndProject
Project("{FAE04EC0-301F-11D3-BF4B-00C04F79EFBC}") = "HandiMaker.Data", "HandiMaker.Data\HandiMaker.Data.csproj", "{47EDC660-FC86-4E8F-9465-4C785193BC18}"
EndProject
Project("{FAE04EC0-301F-11D3-BF4B-00C04F79EFBC}") = "HandiMaker.Services", "HandiMaker.Services\HandiMaker.Services.csproj", "{94A6A027-EE1A-4009-9FCA-538E9F505F0C}"
EndProject
Project("{FAE04EC0-301F-11D3-BF4B-00C04F79EFBC}") = "HandiMaker.Infrastructure", "HandiMaker.Infrastructure\HandiMaker.Infrastructure.csproj", "{FB4EAA76-67A5-42D3-BC5F-9C4529926A5F}"
EndProject
Global
	GlobalSection(SolutionConfigurationPlatforms) = preSolution
		Debug|Any CPU = Debug|Any CPU
		Release|Any CPU = Release|Any CPU
	EndGlobalSection
	GlobalSection(ProjectConfigurationPlatforms) = postSolution
		{368ACCE2-564B-45FA-8962-7C0CCBFF2280}.Debug|Any CPU.ActiveCfg = Debug|Any CPU
		{368ACCE2-564B-45FA-8962-7C0CCBFF2280}.Debug|Any CPU.Build.0 = Debug|Any CPU
		{368ACCE2-564B-45FA-8962-7C0CCBFF2280}.Release|Any CPU.ActiveCfg = Release|Any CPU
		{368ACCE2-564B-45FA-8962-7C0CCBFF2280}.Release|Any CPU.Build.0 = Release|Any CPU
		{F8303718-5AC9-479D-8AB7-77688517D435}.Debug|Any CPU.ActiveCfg = Debug|Any CPU
		{F8303718-5AC9-479D-8AB7-77688517D435}.Debug|Any CPU.Build.0 = Debug|Any CPU
		{F8303718-5AC9-479D-8AB7-77688517D435}.Release|Any CPU.ActiveCfg = Release|Any CPU
		{F8303718-5AC9-479D-8AB7-77688517D435}.Release|Any CPU.Build.0 = Release|Any CPU
		{47EDC660-FC86-4E8F-9465-4C785193BC18}.Debug|Any CPU.ActiveCfg = Debug|Any CPU
		{47EDC660-FC86-4E8F-9465-4C785193BC18}.Debug|Any CPU.Build.0 = Debug|Any CPU
		{47EDC660-FC86-4E8F-9465-4C785193BC18}.Release|Any CPU.ActiveCfg = Release|Any CPU
		{47EDC660-FC86-4E8F-9465-4C785193BC18}.Release|Any CPU.Build.0 = Release|Any CPU
		{94A6A027-EE1A-4009-9FCA-538E9F505F0C}.Debug|Any CPU.ActiveCfg = Debug|Any CPU
		{94A6A027-EE1A-4009-9FCA-538E9F505F0C}.Debug|Any CPU.Build.0 = Debug|Any CPU
		{94A6A027-EE1A-4009-9FCA-538E9F505F0C}.Release|Any CPU.ActiveCfg = Release|Any CPU
		{94A6A027-EE1A-4009-9FCA-538E9F505F0C}.Release|Any CPU.Build.0 = Release|Any CPU
		{FB4EAA76-67A5-42D3-BC5F-9C4529926A5F}.Debug|Any CPU.ActiveCfg = Debug|Any CPU
		{FB4EAA76-67A5-42D3-BC5F-9C4529926A5F}.Debug|Any CPU.Build.0 = Debug|Any CPU
		{FB4EAA76-67A5-42D3-BC5F-9C4529926A5F}.Release|Any CPU.ActiveCfg = Release|Any CPU
		{FB4EAA76-67A5-42D3-BC5F-9C4529926A5F}.Release|Any CPU.Build.0 = Release|Any CPU
	EndGlobalSection
	GlobalSection(SolutionProperties) = preSolution
		HideSolutionNode = FALSE
	EndGlobalSection
	GlobalSection(ExtensibilityGlobals) = postSolution
		SolutionGuid = {295B1AEB-6986-4291-8076-8158AD3BD6DF}
	EndGlobalSection
EndGlobal
